
Microsoft Visual Studio Solution File, Format Version 12.00
# Visual Studio 15
VisualStudioVersion = 15.0.28307.421
MinimumVisualStudioVersion = 10.0.40219.1
Project("{FAE04EC0-301F-11D3-BF4B-00C04F79EFBC}") = "JewelsAndStones", "JewelsAndStones\JewelsAndStones.csproj", "{809DD1C9-6874-4315-8BA3-6D46E76B9068}"
EndProject
Global
	GlobalSection(SolutionConfigurationPlatforms) = preSolution
		Debug|Any CPU = Debug|Any CPU
		Release|Any CPU = Release|Any CPU
	EndGlobalSection
	GlobalSection(ProjectConfigurationPlatforms) = postSolution
		{809DD1C9-6874-4315-8BA3-6D46E76B9068}.Debug|Any CPU.ActiveCfg = Debug|Any CPU
		{809DD1C9-6874-4315-8BA3-6D46E76B9068}.Debug|Any CPU.Build.0 = Debug|Any CPU
		{809DD1C9-6874-4315-8BA3-6D46E76B9068}.Release|Any CPU.ActiveCfg = Release|Any CPU
		{809DD1C9-6874-4315-8BA3-6D46E76B9068}.Release|Any CPU.Build.0 = Release|Any CPU
	EndGlobalSection
	GlobalSection(SolutionProperties) = preSolution
		HideSolutionNode = FALSE
	EndGlobalSection
	GlobalSection(ExtensibilityGlobals) = postSolution
		SolutionGuid = {A68876B0-8801-420B-84C7-BFCFD3ABC486}
	EndGlobalSection
EndGlobal
