
Microsoft Visual Studio Solution File, Format Version 12.00
# Visual Studio 15
VisualStudioVersion = 15.0.28307.421
MinimumVisualStudioVersion = 10.0.40219.1
Project("{FAE04EC0-301F-11D3-BF4B-00C04F79EFBC}") = "Unique Email Addresses", "Unique Email Addresses\Unique Email Addresses.csproj", "{34691104-313D-4124-973D-E7AA6C1F8C99}"
EndProject
Global
	GlobalSection(SolutionConfigurationPlatforms) = preSolution
		Debug|Any CPU = Debug|Any CPU
		Release|Any CPU = Release|Any CPU
	EndGlobalSection
	GlobalSection(ProjectConfigurationPlatforms) = postSolution
		{34691104-313D-4124-973D-E7AA6C1F8C99}.Debug|Any CPU.ActiveCfg = Debug|Any CPU
		{34691104-313D-4124-973D-E7AA6C1F8C99}.Debug|Any CPU.Build.0 = Debug|Any CPU
		{34691104-313D-4124-973D-E7AA6C1F8C99}.Release|Any CPU.ActiveCfg = Release|Any CPU
		{34691104-313D-4124-973D-E7AA6C1F8C99}.Release|Any CPU.Build.0 = Release|Any CPU
	EndGlobalSection
	GlobalSection(SolutionProperties) = preSolution
		HideSolutionNode = FALSE
	EndGlobalSection
	GlobalSection(ExtensibilityGlobals) = postSolution
		SolutionGuid = {6746A8E6-940F-4055-930D-767480CE521B}
	EndGlobalSection
EndGlobal
