
Microsoft Visual Studio Solution File, Format Version 12.00
# Visual Studio 15
VisualStudioVersion = 15.0.28307.421
MinimumVisualStudioVersion = 10.0.40219.1
Project("{FAE04EC0-301F-11D3-BF4B-00C04F79EFBC}") = "Squares of a Sorted Array", "Squares of a Sorted Array\Squares of a Sorted Array.csproj", "{B373F753-6885-420B-970B-54C2335C34B7}"
EndProject
Global
	GlobalSection(SolutionConfigurationPlatforms) = preSolution
		Debug|Any CPU = Debug|Any CPU
		Release|Any CPU = Release|Any CPU
	EndGlobalSection
	GlobalSection(ProjectConfigurationPlatforms) = postSolution
		{B373F753-6885-420B-970B-54C2335C34B7}.Debug|Any CPU.ActiveCfg = Debug|Any CPU
		{B373F753-6885-420B-970B-54C2335C34B7}.Debug|Any CPU.Build.0 = Debug|Any CPU
		{B373F753-6885-420B-970B-54C2335C34B7}.Release|Any CPU.ActiveCfg = Release|Any CPU
		{B373F753-6885-420B-970B-54C2335C34B7}.Release|Any CPU.Build.0 = Release|Any CPU
	EndGlobalSection
	GlobalSection(SolutionProperties) = preSolution
		HideSolutionNode = FALSE
	EndGlobalSection
	GlobalSection(ExtensibilityGlobals) = postSolution
		SolutionGuid = {C7B0B547-C4C7-46DB-9357-E67C0C164F7F}
	EndGlobalSection
EndGlobal
